
Microsoft Visual Studio Solution File, Format Version 12.00
# Visual Studio Version 17
VisualStudioVersion = 17.10.35201.131
MinimumVisualStudioVersion = 10.0.40219.1
Project("{9A19103F-16F7-4668-BE54-9A1E7A4F7556}") = "GHCopilotSQLChatter_WebApi", "GHCopilotSQLChatter_WebApi\GHCopilotSQLChatter_WebApi.csproj", "{52888EE2-D47A-43F9-BA1D-85C369ACE443}"
EndProject
Global
	GlobalSection(SolutionConfigurationPlatforms) = preSolution
		Debug|Any CPU = Debug|Any CPU
		Release|Any CPU = Release|Any CPU
	EndGlobalSection
	GlobalSection(ProjectConfigurationPlatforms) = postSolution
		{52888EE2-D47A-43F9-BA1D-85C369ACE443}.Debug|Any CPU.ActiveCfg = Debug|Any CPU
		{52888EE2-D47A-43F9-BA1D-85C369ACE443}.Debug|Any CPU.Build.0 = Debug|Any CPU
		{52888EE2-D47A-43F9-BA1D-85C369ACE443}.Release|Any CPU.ActiveCfg = Release|Any CPU
		{52888EE2-D47A-43F9-BA1D-85C369ACE443}.Release|Any CPU.Build.0 = Release|Any CPU
	EndGlobalSection
	GlobalSection(SolutionProperties) = preSolution
		HideSolutionNode = FALSE
	EndGlobalSection
	GlobalSection(ExtensibilityGlobals) = postSolution
		SolutionGuid = {E06E718F-6963-4503-B4A6-21658427C353}
	EndGlobalSection
EndGlobal
